// !$*UTF8*$!
{
	archiveVersion = 1;
	classes = {
	};
	objectVersion = 77;
	objects = {

/* Begin PBXBuildFile section */
		F2A42F0D2E28DBEA0071E36F /* README.md in Resources */ = {isa = PBXBuildFile; fileRef = F2A42F0C2E28DBEA0071E36F /* README.md */; };
		F2A977CC2E2A203A0081CD1B /* SDWebImageSwiftUI in Frameworks */ = {isa = PBXBuildFile; productRef = F2A977CB2E2A203A0081CD1B /* SDWebImageSwiftUI */; };
/* End PBXBuildFile section */

/* Begin PBXContainerItemProxy section */
		F2DF8A392E28C64E008C4F52 /* PBXContainerItemProxy */ = {
			isa = PBXContainerItemProxy;
			containerPortal = F2DF8A232E28C64D008C4F52 /* Project object */;
			proxyType = 1;
			remoteGlobalIDString = F2DF8A2A2E28C64D008C4F52;
			remoteInfo = AIChat;
		};
		F2DF8A432E28C64E008C4F52 /* PBXContainerItemProxy */ = {
			isa = PBXContainerItemProxy;
			containerPortal = F2DF8A232E28C64D008C4F52 /* Project object */;
			proxyType = 1;
			remoteGlobalIDString = F2DF8A2A2E28C64D008C4F52;
			remoteInfo = AIChat;
		};
/* End PBXContainerItemProxy section */

/* Begin PBXFileReference section */
		F2A42F0C2E28DBEA0071E36F /* README.md */ = {isa = PBXFileReference; lastKnownFileType = net.daringfireball.markdown; path = README.md; sourceTree = "<group>"; };
		F2DF8A2B2E28C64D008C4F52 /* AIChat.app */ = {isa = PBXFileReference; explicitFileType = wrapper.application; includeInIndex = 0; path = AIChat.app; sourceTree = BUILT_PRODUCTS_DIR; };
		F2DF8A382E28C64E008C4F52 /* AIChatTests.xctest */ = {isa = PBXFileReference; explicitFileType = wrapper.cfbundle; includeInIndex = 0; path = AIChatTests.xctest; sourceTree = BUILT_PRODUCTS_DIR; };
		F2DF8A422E28C64E008C4F52 /* AIChatUITests.xctest */ = {isa = PBXFileReference; explicitFileType = wrapper.cfbundle; includeInIndex = 0; path = AIChatUITests.xctest; sourceTree = BUILT_PRODUCTS_DIR; };
/* End PBXFileReference section */

/* Begin PBXFileSystemSynchronizedBuildFileExceptionSet section */
		F2AC2CBA2E28E81800E81FD2 /* Exceptions for "AIChat" folder in "AIChat" target */ = {
			isa = PBXFileSystemSynchronizedBuildFileExceptionSet;
			membershipExceptions = (
				Info.plist,
			);
			target = F2DF8A2A2E28C64D008C4F52 /* AIChat */;
		};
/* End PBXFileSystemSynchronizedBuildFileExceptionSet section */

/* Begin PBXFileSystemSynchronizedRootGroup section */
		F2DF8A2D2E28C64D008C4F52 /* AIChat */ = {
			isa = PBXFileSystemSynchronizedRootGroup;
			exceptions = (
				F2AC2CBA2E28E81800E81FD2 /* Exceptions for "AIChat" folder in "AIChat" target */,
			);
			path = AIChat;
			sourceTree = "<group>";
		};
		F2DF8A3B2E28C64E008C4F52 /* AIChatTests */ = {
			isa = PBXFileSystemSynchronizedRootGroup;
			path = AIChatTests;
			sourceTree = "<group>";
		};
		F2DF8A452E28C64E008C4F52 /* AIChatUITests */ = {
			isa = PBXFileSystemSynchronizedRootGroup;
			path = AIChatUITests;
			sourceTree = "<group>";
		};
/* End PBXFileSystemSynchronizedRootGroup section */

/* Begin PBXFrameworksBuildPhase section */
		F2DF8A282E28C64D008C4F52 /* Frameworks */ = {
			isa = PBXFrameworksBuildPhase;
			buildActionMask = 2147483647;
			files = (
				F2A977CC2E2A203A0081CD1B /* SDWebImageSwiftUI in Frameworks */,
			);
			runOnlyForDeploymentPostprocessing = 0;
		};
		F2DF8A352E28C64E008C4F52 /* Frameworks */ = {
			isa = PBXFrameworksBuildPhase;
			buildActionMask = 2147483647;
			files = (
			);
			runOnlyForDeploymentPostprocessing = 0;
		};
		F2DF8A3F2E28C64E008C4F52 /* Frameworks */ = {
			isa = PBXFrameworksBuildPhase;
			buildActionMask = 2147483647;
			files = (
			);
			runOnlyForDeploymentPostprocessing = 0;
		};
/* End PBXFrameworksBuildPhase section */

/* Begin PBXGroup section */
		F2DF8A222E28C64D008C4F52 = {
			isa = PBXGroup;
			children = (
				F2A42F0C2E28DBEA0071E36F /* README.md */,
				F2DF8A2D2E28C64D008C4F52 /* AIChat */,
				F2DF8A3B2E28C64E008C4F52 /* AIChatTests */,
				F2DF8A452E28C64E008C4F52 /* AIChatUITests */,
				F2DF8A2C2E28C64D008C4F52 /* Products */,
			);
			sourceTree = "<group>";
		};
		F2DF8A2C2E28C64D008C4F52 /* Products */ = {
			isa = PBXGroup;
			children = (
				F2DF8A2B2E28C64D008C4F52 /* AIChat.app */,
				F2DF8A382E28C64E008C4F52 /* AIChatTests.xctest */,
				F2DF8A422E28C64E008C4F52 /* AIChatUITests.xctest */,
			);
			name = Products;
			sourceTree = "<group>";
		};
/* End PBXGroup section */

/* Begin PBXNativeTarget section */
		F2DF8A2A2E28C64D008C4F52 /* AIChat */ = {
			isa = PBXNativeTarget;
			buildConfigurationList = F2DF8A4C2E28C64E008C4F52 /* Build configuration list for PBXNativeTarget "AIChat" */;
			buildPhases = (
				F2DF8A272E28C64D008C4F52 /* Sources */,
				F2DF8A282E28C64D008C4F52 /* Frameworks */,
				F2DF8A292E28C64D008C4F52 /* Resources */,
				F2AC2CBB2E28EE7000E81FD2 /* ShellScript */,
			);
			buildRules = (
			);
			dependencies = (
			);
			fileSystemSynchronizedGroups = (
				F2DF8A2D2E28C64D008C4F52 /* AIChat */,
			);
			name = AIChat;
			packageProductDependencies = (
				F2A977CB2E2A203A0081CD1B /* SDWebImageSwiftUI */,
			);
			productName = AIChat;
			productReference = F2DF8A2B2E28C64D008C4F52 /* AIChat.app */;
			productType = "com.apple.product-type.application";
		};
		F2DF8A372E28C64E008C4F52 /* AIChatTests */ = {
			isa = PBXNativeTarget;
			buildConfigurationList = F2DF8A4F2E28C64E008C4F52 /* Build configuration list for PBXNativeTarget "AIChatTests" */;
			buildPhases = (
				F2DF8A342E28C64E008C4F52 /* Sources */,
				F2DF8A352E28C64E008C4F52 /* Frameworks */,
				F2DF8A362E28C64E008C4F52 /* Resources */,
			);
			buildRules = (
			);
			dependencies = (
				F2DF8A3A2E28C64E008C4F52 /* PBXTargetDependency */,
			);
			fileSystemSynchronizedGroups = (
				F2DF8A3B2E28C64E008C4F52 /* AIChatTests */,
			);
			name = AIChatTests;
			packageProductDependencies = (
			);
			productName = AIChatTests;
			productReference = F2DF8A382E28C64E008C4F52 /* AIChatTests.xctest */;
			productType = "com.apple.product-type.bundle.unit-test";
		};
		F2DF8A412E28C64E008C4F52 /* AIChatUITests */ = {
			isa = PBXNativeTarget;
			buildConfigurationList = F2DF8A522E28C64E008C4F52 /* Build configuration list for PBXNativeTarget "AIChatUITests" */;
			buildPhases = (
				F2DF8A3E2E28C64E008C4F52 /* Sources */,
				F2DF8A3F2E28C64E008C4F52 /* Frameworks */,
				F2DF8A402E28C64E008C4F52 /* Resources */,
			);
			buildRules = (
			);
			dependencies = (
				F2DF8A442E28C64E008C4F52 /* PBXTargetDependency */,
			);
			fileSystemSynchronizedGroups = (
				F2DF8A452E28C64E008C4F52 /* AIChatUITests */,
			);
			name = AIChatUITests;
			packageProductDependencies = (
			);
			productName = AIChatUITests;
			productReference = F2DF8A422E28C64E008C4F52 /* AIChatUITests.xctest */;
			productType = "com.apple.product-type.bundle.ui-testing";
		};
/* End PBXNativeTarget section */

/* Begin PBXProject section */
		F2DF8A232E28C64D008C4F52 /* Project object */ = {
			isa = PBXProject;
			attributes = {
				BuildIndependentTargetsInParallel = 1;
				LastSwiftUpdateCheck = 2600;
				LastUpgradeCheck = 2600;
				TargetAttributes = {
					F2DF8A2A2E28C64D008C4F52 = {
						CreatedOnToolsVersion = 26.0;
					};
					F2DF8A372E28C64E008C4F52 = {
						CreatedOnToolsVersion = 26.0;
						TestTargetID = F2DF8A2A2E28C64D008C4F52;
					};
					F2DF8A412E28C64E008C4F52 = {
						CreatedOnToolsVersion = 26.0;
						TestTargetID = F2DF8A2A2E28C64D008C4F52;
					};
				};
			};
			buildConfigurationList = F2DF8A262E28C64D008C4F52 /* Build configuration list for PBXProject "AIChat" */;
			developmentRegion = en;
			hasScannedForEncodings = 0;
			knownRegions = (
				en,
				Base,
			);
			mainGroup = F2DF8A222E28C64D008C4F52;
			minimizedProjectReferenceProxies = 1;
			packageReferences = (
				F2A977CA2E2A203A0081CD1B /* XCRemoteSwiftPackageReference "SDWebImageSwiftUI" */,
			);
			preferredProjectObjectVersion = 77;
			productRefGroup = F2DF8A2C2E28C64D008C4F52 /* Products */;
			projectDirPath = "";
			projectRoot = "";
			targets = (
				F2DF8A2A2E28C64D008C4F52 /* AIChat */,
				F2DF8A372E28C64E008C4F52 /* AIChatTests */,
				F2DF8A412E28C64E008C4F52 /* AIChatUITests */,
			);
		};
/* End PBXProject section */

/* Begin PBXResourcesBuildPhase section */
		F2DF8A292E28C64D008C4F52 /* Resources */ = {
			isa = PBXResourcesBuildPhase;
			buildActionMask = 2147483647;
			files = (
				F2A42F0D2E28DBEA0071E36F /* README.md in Resources */,
			);
			runOnlyForDeploymentPostprocessing = 0;
		};
		F2DF8A362E28C64E008C4F52 /* Resources */ = {
			isa = PBXResourcesBuildPhase;
			buildActionMask = 2147483647;
			files = (
			);
			runOnlyForDeploymentPostprocessing = 0;
		};
		F2DF8A402E28C64E008C4F52 /* Resources */ = {
			isa = PBXResourcesBuildPhase;
			buildActionMask = 2147483647;
			files = (
			);
			runOnlyForDeploymentPostprocessing = 0;
		};
/* End PBXResourcesBuildPhase section */

/* Begin PBXShellScriptBuildPhase section */
		F2AC2CBB2E28EE7000E81FD2 /* ShellScript */ = {
			isa = PBXShellScriptBuildPhase;
			alwaysOutOfDate = 1;
			buildActionMask = 2147483647;
			files = (
			);
			inputFileListPaths = (
			);
			inputPaths = (
			);
			outputFileListPaths = (
			);
			outputPaths = (
			);
			runOnlyForDeploymentPostprocessing = 0;
			shellPath = /bin/sh;
			shellScript = "if [[ \"$(uname -m)\" == arm64 ]]; then\n    export PATH=\"/opt/homebrew/bin:$PATH\"\nfi\n\n# ⚠️ 如果是 SwiftUI 预览，则只执行 swiftlint，不 fix\nif [[ \"$XCODE_RUNNING_FOR_PREVIEWS\" == \"1\" ]]; then\n    echo \"🧪 Running SwiftLint (Preview Mode)\"\n    swiftlint # ✅ 只检查，不修复\n    exit 0\nfi\n\n# 正常构建流程\nif which swiftlint > /dev/null; then\n    if [ \"$CONFIGURATION\" = \"Release\" ]; then\n        echo \"✅ Running SwiftLint + Auto Fix (Release)\"\n        swiftlint --fix && swiftlint\n    else\n        echo \"🛠 Running SwiftLint (Debug)\"\n        swiftlint\n    fi\nelse\n    echo \"⚠️ SwiftLint not installed. Download from https://github.com/realm/SwiftLint\"\nfi\n";
			showEnvVarsInLog = 0;
		};
/* End PBXShellScriptBuildPhase section */

/* Begin PBXSourcesBuildPhase section */
		F2DF8A272E28C64D008C4F52 /* Sources */ = {
			isa = PBXSourcesBuildPhase;
			buildActionMask = 2147483647;
			files = (
			);
			runOnlyForDeploymentPostprocessing = 0;
		};
		F2DF8A342E28C64E008C4F52 /* Sources */ = {
			isa = PBXSourcesBuildPhase;
			buildActionMask = 2147483647;
			files = (
			);
			runOnlyForDeploymentPostprocessing = 0;
		};
		F2DF8A3E2E28C64E008C4F52 /* Sources */ = {
			isa = PBXSourcesBuildPhase;
			buildActionMask = 2147483647;
			files = (
			);
			runOnlyForDeploymentPostprocessing = 0;
		};
/* End PBXSourcesBuildPhase section */

/* Begin PBXTargetDependency section */
		F2DF8A3A2E28C64E008C4F52 /* PBXTargetDependency */ = {
			isa = PBXTargetDependency;
			target = F2DF8A2A2E28C64D008C4F52 /* AIChat */;
			targetProxy = F2DF8A392E28C64E008C4F52 /* PBXContainerItemProxy */;
		};
		F2DF8A442E28C64E008C4F52 /* PBXTargetDependency */ = {
			isa = PBXTargetDependency;
			target = F2DF8A2A2E28C64D008C4F52 /* AIChat */;
			targetProxy = F2DF8A432E28C64E008C4F52 /* PBXContainerItemProxy */;
		};
/* End PBXTargetDependency section */

/* Begin XCBuildConfiguration section */
		F2DF8A4A2E28C64E008C4F52 /* Debug */ = {
			isa = XCBuildConfiguration;
			buildSettings = {
				ALWAYS_SEARCH_USER_PATHS = NO;
				ASSETCATALOG_COMPILER_GENERATE_SWIFT_ASSET_SYMBOL_EXTENSIONS = YES;
				CLANG_ANALYZER_NONNULL = YES;
				CLANG_ANALYZER_NUMBER_OBJECT_CONVERSION = YES_AGGRESSIVE;
				CLANG_CXX_LANGUAGE_STANDARD = "gnu++20";
				CLANG_ENABLE_MODULES = YES;
				CLANG_ENABLE_OBJC_ARC = YES;
				CLANG_ENABLE_OBJC_WEAK = YES;
				CLANG_WARN_BLOCK_CAPTURE_AUTORELEASING = YES;
				CLANG_WARN_BOOL_CONVERSION = YES;
				CLANG_WARN_COMMA = YES;
				CLANG_WARN_CONSTANT_CONVERSION = YES;
				CLANG_WARN_DEPRECATED_OBJC_IMPLEMENTATIONS = YES;
				CLANG_WARN_DIRECT_OBJC_ISA_USAGE = YES_ERROR;
				CLANG_WARN_DOCUMENTATION_COMMENTS = YES;
				CLANG_WARN_EMPTY_BODY = YES;
				CLANG_WARN_ENUM_CONVERSION = YES;
				CLANG_WARN_INFINITE_RECURSION = YES;
				CLANG_WARN_INT_CONVERSION = YES;
				CLANG_WARN_NON_LITERAL_NULL_CONVERSION = YES;
				CLANG_WARN_OBJC_IMPLICIT_RETAIN_SELF = YES;
				CLANG_WARN_OBJC_LITERAL_CONVERSION = YES;
				CLANG_WARN_OBJC_ROOT_CLASS = YES_ERROR;
				CLANG_WARN_QUOTED_INCLUDE_IN_FRAMEWORK_HEADER = YES;
				CLANG_WARN_RANGE_LOOP_ANALYSIS = YES;
				CLANG_WARN_STRICT_PROTOTYPES = YES;
				CLANG_WARN_SUSPICIOUS_MOVE = YES;
				CLANG_WARN_UNGUARDED_AVAILABILITY = YES_AGGRESSIVE;
				CLANG_WARN_UNREACHABLE_CODE = YES;
				CLANG_WARN__DUPLICATE_METHOD_MATCH = YES;
				COPY_PHASE_STRIP = NO;
				DEBUG_INFORMATION_FORMAT = dwarf;
				DEVELOPMENT_TEAM = VKUPTBL6XB;
				ENABLE_STRICT_OBJC_MSGSEND = YES;
				ENABLE_TESTABILITY = YES;
				ENABLE_USER_SCRIPT_SANDBOXING = YES;
				GCC_C_LANGUAGE_STANDARD = gnu17;
				GCC_DYNAMIC_NO_PIC = NO;
				GCC_NO_COMMON_BLOCKS = YES;
				GCC_OPTIMIZATION_LEVEL = 0;
				GCC_PREPROCESSOR_DEFINITIONS = (
					"DEBUG=1",
					"$(inherited)",
				);
				GCC_WARN_64_TO_32_BIT_CONVERSION = YES;
				GCC_WARN_ABOUT_RETURN_TYPE = YES_ERROR;
				GCC_WARN_UNDECLARED_SELECTOR = YES;
				GCC_WARN_UNINITIALIZED_AUTOS = YES_AGGRESSIVE;
				GCC_WARN_UNUSED_FUNCTION = YES;
				GCC_WARN_UNUSED_VARIABLE = YES;
				IPHONEOS_DEPLOYMENT_TARGET = 26.0;
				LOCALIZATION_PREFERS_STRING_CATALOGS = YES;
				MTL_ENABLE_DEBUG_INFO = INCLUDE_SOURCE;
				MTL_FAST_MATH = YES;
				ONLY_ACTIVE_ARCH = YES;
				SDKROOT = iphoneos;
				SWIFT_ACTIVE_COMPILATION_CONDITIONS = "DEBUG $(inherited)";
				SWIFT_OPTIMIZATION_LEVEL = "-Onone";
			};
			name = Debug;
		};
		F2DF8A4B2E28C64E008C4F52 /* Release */ = {
			isa = XCBuildConfiguration;
			buildSettings = {
				ALWAYS_SEARCH_USER_PATHS = NO;
				ASSETCATALOG_COMPILER_GENERATE_SWIFT_ASSET_SYMBOL_EXTENSIONS = YES;
				CLANG_ANALYZER_NONNULL = YES;
				CLANG_ANALYZER_NUMBER_OBJECT_CONVERSION = YES_AGGRESSIVE;
				CLANG_CXX_LANGUAGE_STANDARD = "gnu++20";
				CLANG_ENABLE_MODULES = YES;
				CLANG_ENABLE_OBJC_ARC = YES;
				CLANG_ENABLE_OBJC_WEAK = YES;
				CLANG_WARN_BLOCK_CAPTURE_AUTORELEASING = YES;
				CLANG_WARN_BOOL_CONVERSION = YES;
				CLANG_WARN_COMMA = YES;
				CLANG_WARN_CONSTANT_CONVERSION = YES;
				CLANG_WARN_DEPRECATED_OBJC_IMPLEMENTATIONS = YES;
				CLANG_WARN_DIRECT_OBJC_ISA_USAGE = YES_ERROR;
				CLANG_WARN_DOCUMENTATION_COMMENTS = YES;
				CLANG_WARN_EMPTY_BODY = YES;
				CLANG_WARN_ENUM_CONVERSION = YES;
				CLANG_WARN_INFINITE_RECURSION = YES;
				CLANG_WARN_INT_CONVERSION = YES;
				CLANG_WARN_NON_LITERAL_NULL_CONVERSION = YES;
				CLANG_WARN_OBJC_IMPLICIT_RETAIN_SELF = YES;
				CLANG_WARN_OBJC_LITERAL_CONVERSION = YES;
				CLANG_WARN_OBJC_ROOT_CLASS = YES_ERROR;
				CLANG_WARN_QUOTED_INCLUDE_IN_FRAMEWORK_HEADER = YES;
				CLANG_WARN_RANGE_LOOP_ANALYSIS = YES;
				CLANG_WARN_STRICT_PROTOTYPES = YES;
				CLANG_WARN_SUSPICIOUS_MOVE = YES;
				CLANG_WARN_UNGUARDED_AVAILABILITY = YES_AGGRESSIVE;
				CLANG_WARN_UNREACHABLE_CODE = YES;
				CLANG_WARN__DUPLICATE_METHOD_MATCH = YES;
				COPY_PHASE_STRIP = NO;
				DEBUG_INFORMATION_FORMAT = "dwarf-with-dsym";
				DEVELOPMENT_TEAM = VKUPTBL6XB;
				ENABLE_NS_ASSERTIONS = NO;
				ENABLE_STRICT_OBJC_MSGSEND = YES;
				ENABLE_USER_SCRIPT_SANDBOXING = YES;
				GCC_C_LANGUAGE_STANDARD = gnu17;
				GCC_NO_COMMON_BLOCKS = YES;
				GCC_WARN_64_TO_32_BIT_CONVERSION = YES;
				GCC_WARN_ABOUT_RETURN_TYPE = YES_ERROR;
				GCC_WARN_UNDECLARED_SELECTOR = YES;
				GCC_WARN_UNINITIALIZED_AUTOS = YES_AGGRESSIVE;
				GCC_WARN_UNUSED_FUNCTION = YES;
				GCC_WARN_UNUSED_VARIABLE = YES;
				IPHONEOS_DEPLOYMENT_TARGET = 26.0;
				LOCALIZATION_PREFERS_STRING_CATALOGS = YES;
				MTL_ENABLE_DEBUG_INFO = NO;
				MTL_FAST_MATH = YES;
				SDKROOT = iphoneos;
				SWIFT_COMPILATION_MODE = wholemodule;
				VALIDATE_PRODUCT = YES;
			};
			name = Release;
		};
		F2DF8A4D2E28C64E008C4F52 /* Debug */ = {
			isa = XCBuildConfiguration;
			buildSettings = {
				ASSETCATALOG_COMPILER_APPICON_NAME = AppIcon;
				ASSETCATALOG_COMPILER_GLOBAL_ACCENT_COLOR_NAME = AccentColor;
				CODE_SIGN_STYLE = Automatic;
				CURRENT_PROJECT_VERSION = 1;
				DEVELOPMENT_TEAM = VKUPTBL6XB;
				ENABLE_PREVIEWS = YES;
				ENABLE_USER_SCRIPT_SANDBOXING = NO;
				GENERATE_INFOPLIST_FILE = YES;
				INFOPLIST_FILE = AIChat/Info.plist;
				INFOPLIST_KEY_LSApplicationCategoryType = "";
				INFOPLIST_KEY_UIApplicationSceneManifest_Generation = YES;
				INFOPLIST_KEY_UIApplicationSupportsIndirectInputEvents = YES;
				INFOPLIST_KEY_UILaunchStoryboardName = LaunchScreen;
				INFOPLIST_KEY_UISupportedInterfaceOrientations_iPad = "UIInterfaceOrientationPortrait UIInterfaceOrientationPortraitUpsideDown UIInterfaceOrientationLandscapeLeft UIInterfaceOrientationLandscapeRight";
				INFOPLIST_KEY_UISupportedInterfaceOrientations_iPhone = "UIInterfaceOrientationPortrait UIInterfaceOrientationLandscapeLeft UIInterfaceOrientationLandscapeRight";
				LD_RUNPATH_SEARCH_PATHS = (
					"$(inherited)",
					"@executable_path/Frameworks",
				);
				MARKETING_VERSION = 1.0;
				PRODUCT_BUNDLE_IDENTIFIER = com.sinduke.AIChat;
				PRODUCT_NAME = "$(TARGET_NAME)";
				STRING_CATALOG_GENERATE_SYMBOLS = YES;
				SWIFT_APPROACHABLE_CONCURRENCY = YES;
				SWIFT_DEFAULT_ACTOR_ISOLATION = MainActor;
				SWIFT_EMIT_LOC_STRINGS = YES;
				SWIFT_UPCOMING_FEATURE_MEMBER_IMPORT_VISIBILITY = YES;
				SWIFT_VERSION = 6.0;
				TARGETED_DEVICE_FAMILY = "1,2";
			};
			name = Debug;
		};
		F2DF8A4E2E28C64E008C4F52 /* Release */ = {
			isa = XCBuildConfiguration;
			buildSettings = {
				ASSETCATALOG_COMPILER_APPICON_NAME = AppIcon;
				ASSETCATALOG_COMPILER_GLOBAL_ACCENT_COLOR_NAME = AccentColor;
				CODE_SIGN_STYLE = Automatic;
				CURRENT_PROJECT_VERSION = 1;
				DEVELOPMENT_TEAM = VKUPTBL6XB;
				ENABLE_PREVIEWS = YES;
				ENABLE_USER_SCRIPT_SANDBOXING = NO;
				GENERATE_INFOPLIST_FILE = YES;
				INFOPLIST_FILE = AIChat/Info.plist;
				INFOPLIST_KEY_LSApplicationCategoryType = "";
				INFOPLIST_KEY_UIApplicationSceneManifest_Generation = YES;
				INFOPLIST_KEY_UIApplicationSupportsIndirectInputEvents = YES;
				INFOPLIST_KEY_UILaunchStoryboardName = LaunchScreen;
				INFOPLIST_KEY_UISupportedInterfaceOrientations_iPad = "UIInterfaceOrientationPortrait UIInterfaceOrientationPortraitUpsideDown UIInterfaceOrientationLandscapeLeft UIInterfaceOrientationLandscapeRight";
				INFOPLIST_KEY_UISupportedInterfaceOrientations_iPhone = "UIInterfaceOrientationPortrait UIInterfaceOrientationLandscapeLeft UIInterfaceOrientationLandscapeRight";
				LD_RUNPATH_SEARCH_PATHS = (
					"$(inherited)",
					"@executable_path/Frameworks",
				);
				MARKETING_VERSION = 1.0;
				PRODUCT_BUNDLE_IDENTIFIER = com.sinduke.AIChat;
				PRODUCT_NAME = "$(TARGET_NAME)";
				STRING_CATALOG_GENERATE_SYMBOLS = YES;
				SWIFT_APPROACHABLE_CONCURRENCY = YES;
				SWIFT_DEFAULT_ACTOR_ISOLATION = MainActor;
				SWIFT_EMIT_LOC_STRINGS = YES;
				SWIFT_UPCOMING_FEATURE_MEMBER_IMPORT_VISIBILITY = YES;
				SWIFT_VERSION = 6.0;
				TARGETED_DEVICE_FAMILY = "1,2";
			};
			name = Release;
		};
		F2DF8A502E28C64E008C4F52 /* Debug */ = {
			isa = XCBuildConfiguration;
			buildSettings = {
				BUNDLE_LOADER = "$(TEST_HOST)";
				CODE_SIGN_STYLE = Automatic;
				CURRENT_PROJECT_VERSION = 1;
				DEVELOPMENT_TEAM = VKUPTBL6XB;
				GENERATE_INFOPLIST_FILE = YES;
				IPHONEOS_DEPLOYMENT_TARGET = 26.0;
				MARKETING_VERSION = 1.0;
				PRODUCT_BUNDLE_IDENTIFIER = com.sinduke.AIChatTests;
				PRODUCT_NAME = "$(TARGET_NAME)";
				STRING_CATALOG_GENERATE_SYMBOLS = NO;
				SWIFT_APPROACHABLE_CONCURRENCY = YES;
				SWIFT_EMIT_LOC_STRINGS = NO;
				SWIFT_UPCOMING_FEATURE_MEMBER_IMPORT_VISIBILITY = YES;
				SWIFT_VERSION = 5.0;
				TARGETED_DEVICE_FAMILY = "1,2";
				TEST_HOST = "$(BUILT_PRODUCTS_DIR)/AIChat.app/$(BUNDLE_EXECUTABLE_FOLDER_PATH)/AIChat";
			};
			name = Debug;
		};
		F2DF8A512E28C64E008C4F52 /* Release */ = {
			isa = XCBuildConfiguration;
			buildSettings = {
				BUNDLE_LOADER = "$(TEST_HOST)";
				CODE_SIGN_STYLE = Automatic;
				CURRENT_PROJECT_VERSION = 1;
				DEVELOPMENT_TEAM = VKUPTBL6XB;
				GENERATE_INFOPLIST_FILE = YES;
				IPHONEOS_DEPLOYMENT_TARGET = 26.0;
				MARKETING_VERSION = 1.0;
				PRODUCT_BUNDLE_IDENTIFIER = com.sinduke.AIChatTests;
				PRODUCT_NAME = "$(TARGET_NAME)";
				STRING_CATALOG_GENERATE_SYMBOLS = NO;
				SWIFT_APPROACHABLE_CONCURRENCY = YES;
				SWIFT_EMIT_LOC_STRINGS = NO;
				SWIFT_UPCOMING_FEATURE_MEMBER_IMPORT_VISIBILITY = YES;
				SWIFT_VERSION = 5.0;
				TARGETED_DEVICE_FAMILY = "1,2";
				TEST_HOST = "$(BUILT_PRODUCTS_DIR)/AIChat.app/$(BUNDLE_EXECUTABLE_FOLDER_PATH)/AIChat";
			};
			name = Release;
		};
		F2DF8A532E28C64E008C4F52 /* Debug */ = {
			isa = XCBuildConfiguration;
			buildSettings = {
				CODE_SIGN_STYLE = Automatic;
				CURRENT_PROJECT_VERSION = 1;
				DEVELOPMENT_TEAM = VKUPTBL6XB;
				GENERATE_INFOPLIST_FILE = YES;
				MARKETING_VERSION = 1.0;
				PRODUCT_BUNDLE_IDENTIFIER = com.sinduke.AIChatUITests;
				PRODUCT_NAME = "$(TARGET_NAME)";
				STRING_CATALOG_GENERATE_SYMBOLS = NO;
				SWIFT_APPROACHABLE_CONCURRENCY = YES;
				SWIFT_EMIT_LOC_STRINGS = NO;
				SWIFT_UPCOMING_FEATURE_MEMBER_IMPORT_VISIBILITY = YES;
				SWIFT_VERSION = 5.0;
				TARGETED_DEVICE_FAMILY = "1,2";
				TEST_TARGET_NAME = AIChat;
			};
			name = Debug;
		};
		F2DF8A542E28C64E008C4F52 /* Release */ = {
			isa = XCBuildConfiguration;
			buildSettings = {
				CODE_SIGN_STYLE = Automatic;
				CURRENT_PROJECT_VERSION = 1;
				DEVELOPMENT_TEAM = VKUPTBL6XB;
				GENERATE_INFOPLIST_FILE = YES;
				MARKETING_VERSION = 1.0;
				PRODUCT_BUNDLE_IDENTIFIER = com.sinduke.AIChatUITests;
				PRODUCT_NAME = "$(TARGET_NAME)";
				STRING_CATALOG_GENERATE_SYMBOLS = NO;
				SWIFT_APPROACHABLE_CONCURRENCY = YES;
				SWIFT_EMIT_LOC_STRINGS = NO;
				SWIFT_UPCOMING_FEATURE_MEMBER_IMPORT_VISIBILITY = YES;
				SWIFT_VERSION = 5.0;
				TARGETED_DEVICE_FAMILY = "1,2";
				TEST_TARGET_NAME = AIChat;
			};
			name = Release;
		};
/* End XCBuildConfiguration section */

/* Begin XCConfigurationList section */
		F2DF8A262E28C64D008C4F52 /* Build configuration list for PBXProject "AIChat" */ = {
			isa = XCConfigurationList;
			buildConfigurations = (
				F2DF8A4A2E28C64E008C4F52 /* Debug */,
				F2DF8A4B2E28C64E008C4F52 /* Release */,
			);
			defaultConfigurationIsVisible = 0;
			defaultConfigurationName = Release;
		};
		F2DF8A4C2E28C64E008C4F52 /* Build configuration list for PBXNativeTarget "AIChat" */ = {
			isa = XCConfigurationList;
			buildConfigurations = (
				F2DF8A4D2E28C64E008C4F52 /* Debug */,
				F2DF8A4E2E28C64E008C4F52 /* Release */,
			);
			defaultConfigurationIsVisible = 0;
			defaultConfigurationName = Release;
		};
		F2DF8A4F2E28C64E008C4F52 /* Build configuration list for PBXNativeTarget "AIChatTests" */ = {
			isa = XCConfigurationList;
			buildConfigurations = (
				F2DF8A502E28C64E008C4F52 /* Debug */,
				F2DF8A512E28C64E008C4F52 /* Release */,
			);
			defaultConfigurationIsVisible = 0;
			defaultConfigurationName = Release;
		};
		F2DF8A522E28C64E008C4F52 /* Build configuration list for PBXNativeTarget "AIChatUITests" */ = {
			isa = XCConfigurationList;
			buildConfigurations = (
				F2DF8A532E28C64E008C4F52 /* Debug */,
				F2DF8A542E28C64E008C4F52 /* Release */,
			);
			defaultConfigurationIsVisible = 0;
			defaultConfigurationName = Release;
		};
/* End XCConfigurationList section */

/* Begin XCRemoteSwiftPackageReference section */
		F2A977CA2E2A203A0081CD1B /* XCRemoteSwiftPackageReference "SDWebImageSwiftUI" */ = {
			isa = XCRemoteSwiftPackageReference;
			repositoryURL = "https://github.com/SDWebImage/SDWebImageSwiftUI.git";
			requirement = {
				kind = upToNextMajorVersion;
				minimumVersion = 3.1.3;
			};
		};
/* End XCRemoteSwiftPackageReference section */

/* Begin XCSwiftPackageProductDependency section */
		F2A977CB2E2A203A0081CD1B /* SDWebImageSwiftUI */ = {
			isa = XCSwiftPackageProductDependency;
			package = F2A977CA2E2A203A0081CD1B /* XCRemoteSwiftPackageReference "SDWebImageSwiftUI" */;
			productName = SDWebImageSwiftUI;
		};
/* End XCSwiftPackageProductDependency section */
	};
	rootObject = F2DF8A232E28C64D008C4F52 /* Project object */;
}
